
Microsoft Visual Studio Solution File, Format Version 12.00
# Visual Studio 15
VisualStudioVersion = 15.0.28307.1082
MinimumVisualStudioVersion = 10.0.40219.1
Project("{FAE04EC0-301F-11D3-BF4B-00C04F79EFBC}") = "RegistryApp", "WindowsFormsApp1\RegistryApp.csproj", "{413892C6-D91F-4919-B4EC-6C0572BDD7AA}"
EndProject
Global
	GlobalSection(SolutionConfigurationPlatforms) = preSolution
		Debug|Any CPU = Debug|Any CPU
		Release|Any CPU = Release|Any CPU
	EndGlobalSection
	GlobalSection(ProjectConfigurationPlatforms) = postSolution
		{413892C6-D91F-4919-B4EC-6C0572BDD7AA}.Debug|Any CPU.ActiveCfg = Debug|Any CPU
		{413892C6-D91F-4919-B4EC-6C0572BDD7AA}.Debug|Any CPU.Build.0 = Debug|Any CPU
		{413892C6-D91F-4919-B4EC-6C0572BDD7AA}.Release|Any CPU.ActiveCfg = Release|Any CPU
		{413892C6-D91F-4919-B4EC-6C0572BDD7AA}.Release|Any CPU.Build.0 = Release|Any CPU
	EndGlobalSection
	GlobalSection(SolutionProperties) = preSolution
		HideSolutionNode = FALSE
	EndGlobalSection
	GlobalSection(ExtensibilityGlobals) = postSolution
		SolutionGuid = {742184A2-C771-4220-BE0C-1023FAB10EAD}
	EndGlobalSection
EndGlobal
